
Microsoft Visual Studio Solution File, Format Version 12.00
# Visual Studio Version 16
VisualStudioVersion = 16.0.30413.136
MinimumVisualStudioVersion = 10.0.40219.1
Project("{FAE04EC0-301F-11D3-BF4B-00C04F79EFBC}") = "N11TestCase", "N11TestCase\N11TestCase.csproj", "{22BEA818-AF97-4493-922C-9AA2D12346CA}"
EndProject
Global
	GlobalSection(SolutionConfigurationPlatforms) = preSolution
		Debug|Any CPU = Debug|Any CPU
		Release|Any CPU = Release|Any CPU
	EndGlobalSection
	GlobalSection(ProjectConfigurationPlatforms) = postSolution
		{22BEA818-AF97-4493-922C-9AA2D12346CA}.Debug|Any CPU.ActiveCfg = Debug|Any CPU
		{22BEA818-AF97-4493-922C-9AA2D12346CA}.Debug|Any CPU.Build.0 = Debug|Any CPU
		{22BEA818-AF97-4493-922C-9AA2D12346CA}.Release|Any CPU.ActiveCfg = Release|Any CPU
		{22BEA818-AF97-4493-922C-9AA2D12346CA}.Release|Any CPU.Build.0 = Release|Any CPU
	EndGlobalSection
	GlobalSection(SolutionProperties) = preSolution
		HideSolutionNode = FALSE
	EndGlobalSection
	GlobalSection(ExtensibilityGlobals) = postSolution
		SolutionGuid = {C7EAFBFE-94EE-4202-A91B-15399C04FD85}
	EndGlobalSection
EndGlobal
